// !$*UTF8*$!
{
	archiveVersion = 1;
	classes = {
	};
	objectVersion = 50;
	objects = {

/* Begin PBXBuildFile section */
		00B78CBC2187CDEC00157530 /* AppDelegate.swift in Sources */ = {isa = PBXBuildFile; fileRef = 00B78CBB2187CDEC00157530 /* AppDelegate.swift */; };
		00B78CBE2187CDEC00157530 /* HomeViewController.swift in Sources */ = {isa = PBXBuildFile; fileRef = 00B78CBD2187CDEC00157530 /* HomeViewController.swift */; };
		00B78CC12187CDEC00157530 /* Main.storyboard in Resources */ = {isa = PBXBuildFile; fileRef = 00B78CBF2187CDEC00157530 /* Main.storyboard */; };
		00B78CC32187CDEF00157530 /* Assets.xcassets in Resources */ = {isa = PBXBuildFile; fileRef = 00B78CC22187CDEF00157530 /* Assets.xcassets */; };
		00B78CC62187CDEF00157530 /* LaunchScreen.storyboard in Resources */ = {isa = PBXBuildFile; fileRef = 00B78CC42187CDEF00157530 /* LaunchScreen.storyboard */; };
		00B78CD3218CD05900157530 /* Post.swift in Sources */ = {isa = PBXBuildFile; fileRef = 00B78CD2218CD05900157530 /* Post.swift */; };
		00B78CD5218CD2E400157530 /* User.swift in Sources */ = {isa = PBXBuildFile; fileRef = 00B78CD4218CD2E400157530 /* User.swift */; };
		00B78CD7218CD68E00157530 /* Reply.swift in Sources */ = {isa = PBXBuildFile; fileRef = 00B78CD6218CD68E00157530 /* Reply.swift */; };
		00B78CD9218D32AE00157530 /* PostInterface.swift in Sources */ = {isa = PBXBuildFile; fileRef = 00B78CD8218D32AE00157530 /* PostInterface.swift */; };
		00B78CDB2193F92F00157530 /* PostViewController.swift in Sources */ = {isa = PBXBuildFile; fileRef = 00B78CDA2193F92F00157530 /* PostViewController.swift */; };
		00B78D60219C8D7600157530 /* MeViewController.swift in Sources */ = {isa = PBXBuildFile; fileRef = 00B78D5F219C8D7600157530 /* MeViewController.swift */; };
		00B78D62219CA53E00157530 /* PeeksViewController.swift in Sources */ = {isa = PBXBuildFile; fileRef = 00B78D61219CA53E00157530 /* PeeksViewController.swift */; };
		00B78D64219CA54C00157530 /* MoreViewController.swift in Sources */ = {isa = PBXBuildFile; fileRef = 00B78D63219CA54C00157530 /* MoreViewController.swift */; };
		00B78D66219CA68800157530 /* SettingsViewController.swift in Sources */ = {isa = PBXBuildFile; fileRef = 00B78D65219CA68800157530 /* SettingsViewController.swift */; };
		00B78D68219CB3DE00157530 /* RepliesViewController.swift in Sources */ = {isa = PBXBuildFile; fileRef = 00B78D67219CB3DE00157530 /* RepliesViewController.swift */; };
		00B78D6A219CC2F900157530 /* ReplyTableViewCell.swift in Sources */ = {isa = PBXBuildFile; fileRef = 00B78D69219CC2F900157530 /* ReplyTableViewCell.swift */; };
		232AE8572194A76A00D60E86 /* PostTableViewCell.swift in Sources */ = {isa = PBXBuildFile; fileRef = 232AE8562194A76A00D60E86 /* PostTableViewCell.swift */; };
		3025DCC721C1C35A006DA045 /* MapKit.framework in Frameworks */ = {isa = PBXBuildFile; fileRef = 3025DCC621C1C35A006DA045 /* MapKit.framework */; };
		3025DCC921C1C362006DA045 /* CoreLocation.framework in Frameworks */ = {isa = PBXBuildFile; fileRef = 3025DCC821C1C362006DA045 /* CoreLocation.framework */; };
		DF6DB35621B67D4C0085CF11 /* Interface.storyboard in Resources */ = {isa = PBXBuildFile; fileRef = DF6DB35421B67D4C0085CF11 /* Interface.storyboard */; };
		DF6DB35821B67D4D0085CF11 /* Assets.xcassets in Resources */ = {isa = PBXBuildFile; fileRef = DF6DB35721B67D4D0085CF11 /* Assets.xcassets */; };
		DF6DB35F21B67D4D0085CF11 /* FinalProjectWatch_PROG31975 Extension.appex in Embed App Extensions */ = {isa = PBXBuildFile; fileRef = DF6DB35E21B67D4D0085CF11 /* FinalProjectWatch_PROG31975 Extension.appex */; settings = {ATTRIBUTES = (RemoveHeadersOnCopy, ); }; };
		DF6DB36421B67D4E0085CF11 /* InterfaceController.swift in Sources */ = {isa = PBXBuildFile; fileRef = DF6DB36321B67D4E0085CF11 /* InterfaceController.swift */; };
		DF6DB36621B67D4F0085CF11 /* ExtensionDelegate.swift in Sources */ = {isa = PBXBuildFile; fileRef = DF6DB36521B67D4F0085CF11 /* ExtensionDelegate.swift */; };
		DF6DB36821B67D4F0085CF11 /* NotificationController.swift in Sources */ = {isa = PBXBuildFile; fileRef = DF6DB36721B67D4F0085CF11 /* NotificationController.swift */; };
		DF6DB36A21B67D4F0085CF11 /* Assets.xcassets in Resources */ = {isa = PBXBuildFile; fileRef = DF6DB36921B67D4F0085CF11 /* Assets.xcassets */; };
		DF6DB36F21B67D4F0085CF11 /* FinalProjectWatch_PROG31975.app in Embed Watch Content */ = {isa = PBXBuildFile; fileRef = DF6DB35221B67D4C0085CF11 /* FinalProjectWatch_PROG31975.app */; };
		DF95725F21C1BFDA0036120D /* GetData.swift in Sources */ = {isa = PBXBuildFile; fileRef = DF95725E21C1BFDA0036120D /* GetData.swift */; };
		DFD0116821B629E900922ED7 /* Locations.swift in Sources */ = {isa = PBXBuildFile; fileRef = DFD0116721B629E900922ED7 /* Locations.swift */; };
		DFD0116A21B62CC500922ED7 /* PeekCell.swift in Sources */ = {isa = PBXBuildFile; fileRef = DFD0116921B62CC500922ED7 /* PeekCell.swift */; };
/* End PBXBuildFile section */

/* Begin PBXContainerItemProxy section */
		DF6DB36021B67D4D0085CF11 /* PBXContainerItemProxy */ = {
			isa = PBXContainerItemProxy;
			containerPortal = 00B78CB02187CDEC00157530 /* Project object */;
			proxyType = 1;
			remoteGlobalIDString = DF6DB35D21B67D4D0085CF11;
			remoteInfo = "FinalProjectWatch_PROG31975 Extension";
		};
		DF6DB36D21B67D4F0085CF11 /* PBXContainerItemProxy */ = {
			isa = PBXContainerItemProxy;
			containerPortal = 00B78CB02187CDEC00157530 /* Project object */;
			proxyType = 1;
			remoteGlobalIDString = DF6DB35121B67D4C0085CF11;
			remoteInfo = FinalProjectWatch_PROG31975;
		};
/* End PBXContainerItemProxy section */

/* Begin PBXCopyFilesBuildPhase section */
		DF6DB37521B67D4F0085CF11 /* Embed App Extensions */ = {
			isa = PBXCopyFilesBuildPhase;
			buildActionMask = 2147483647;
			dstPath = "";
			dstSubfolderSpec = 13;
			files = (
				DF6DB35F21B67D4D0085CF11 /* FinalProjectWatch_PROG31975 Extension.appex in Embed App Extensions */,
			);
			name = "Embed App Extensions";
			runOnlyForDeploymentPostprocessing = 0;
		};
		DF6DB37721B67D4F0085CF11 /* Embed Watch Content */ = {
			isa = PBXCopyFilesBuildPhase;
			buildActionMask = 2147483647;
			dstPath = "$(CONTENTS_FOLDER_PATH)/Watch";
			dstSubfolderSpec = 16;
			files = (
				DF6DB36F21B67D4F0085CF11 /* FinalProjectWatch_PROG31975.app in Embed Watch Content */,
			);
			name = "Embed Watch Content";
			runOnlyForDeploymentPostprocessing = 0;
		};
/* End PBXCopyFilesBuildPhase section */

/* Begin PBXFileReference section */
		00B78CB82187CDEC00157530 /* FinalProject_PROG31975.app */ = {isa = PBXFileReference; explicitFileType = wrapper.application; includeInIndex = 0; path = FinalProject_PROG31975.app; sourceTree = BUILT_PRODUCTS_DIR; };
		00B78CBB2187CDEC00157530 /* AppDelegate.swift */ = {isa = PBXFileReference; lastKnownFileType = sourcecode.swift; path = AppDelegate.swift; sourceTree = "<group>"; };
		00B78CBD2187CDEC00157530 /* HomeViewController.swift */ = {isa = PBXFileReference; lastKnownFileType = sourcecode.swift; path = HomeViewController.swift; sourceTree = "<group>"; };
		00B78CC02187CDEC00157530 /* Base */ = {isa = PBXFileReference; lastKnownFileType = file.storyboard; name = Base; path = Base.lproj/Main.storyboard; sourceTree = "<group>"; };
		00B78CC22187CDEF00157530 /* Assets.xcassets */ = {isa = PBXFileReference; lastKnownFileType = folder.assetcatalog; path = Assets.xcassets; sourceTree = "<group>"; };
		00B78CC52187CDEF00157530 /* Base */ = {isa = PBXFileReference; lastKnownFileType = file.storyboard; name = Base; path = Base.lproj/LaunchScreen.storyboard; sourceTree = "<group>"; };
		00B78CC72187CDEF00157530 /* Info.plist */ = {isa = PBXFileReference; lastKnownFileType = text.plist.xml; path = Info.plist; sourceTree = "<group>"; };
		00B78CD2218CD05900157530 /* Post.swift */ = {isa = PBXFileReference; lastKnownFileType = sourcecode.swift; path = Post.swift; sourceTree = "<group>"; };
		00B78CD4218CD2E400157530 /* User.swift */ = {isa = PBXFileReference; lastKnownFileType = sourcecode.swift; path = User.swift; sourceTree = "<group>"; };
		00B78CD6218CD68E00157530 /* Reply.swift */ = {isa = PBXFileReference; lastKnownFileType = sourcecode.swift; path = Reply.swift; sourceTree = "<group>"; };
		00B78CD8218D32AE00157530 /* PostInterface.swift */ = {isa = PBXFileReference; lastKnownFileType = sourcecode.swift; path = PostInterface.swift; sourceTree = "<group>"; };
		00B78CDA2193F92F00157530 /* PostViewController.swift */ = {isa = PBXFileReference; lastKnownFileType = sourcecode.swift; path = PostViewController.swift; sourceTree = "<group>"; };
		00B78D5F219C8D7600157530 /* MeViewController.swift */ = {isa = PBXFileReference; lastKnownFileType = sourcecode.swift; path = MeViewController.swift; sourceTree = "<group>"; };
		00B78D61219CA53E00157530 /* PeeksViewController.swift */ = {isa = PBXFileReference; lastKnownFileType = sourcecode.swift; path = PeeksViewController.swift; sourceTree = "<group>"; };
		00B78D63219CA54C00157530 /* MoreViewController.swift */ = {isa = PBXFileReference; lastKnownFileType = sourcecode.swift; path = MoreViewController.swift; sourceTree = "<group>"; };
		00B78D65219CA68800157530 /* SettingsViewController.swift */ = {isa = PBXFileReference; lastKnownFileType = sourcecode.swift; path = SettingsViewController.swift; sourceTree = "<group>"; };
		00B78D67219CB3DE00157530 /* RepliesViewController.swift */ = {isa = PBXFileReference; lastKnownFileType = sourcecode.swift; path = RepliesViewController.swift; sourceTree = "<group>"; };
		00B78D69219CC2F900157530 /* ReplyTableViewCell.swift */ = {isa = PBXFileReference; lastKnownFileType = sourcecode.swift; path = ReplyTableViewCell.swift; sourceTree = "<group>"; };
		232AE8562194A76A00D60E86 /* PostTableViewCell.swift */ = {isa = PBXFileReference; lastKnownFileType = sourcecode.swift; path = PostTableViewCell.swift; sourceTree = "<group>"; };
		3025DCC621C1C35A006DA045 /* MapKit.framework */ = {isa = PBXFileReference; lastKnownFileType = wrapper.framework; name = MapKit.framework; path = System/Library/Frameworks/MapKit.framework; sourceTree = SDKROOT; };
		3025DCC821C1C362006DA045 /* CoreLocation.framework */ = {isa = PBXFileReference; lastKnownFileType = wrapper.framework; name = CoreLocation.framework; path = System/Library/Frameworks/CoreLocation.framework; sourceTree = SDKROOT; };
		DF6DB35221B67D4C0085CF11 /* FinalProjectWatch_PROG31975.app */ = {isa = PBXFileReference; explicitFileType = wrapper.application; includeInIndex = 0; path = FinalProjectWatch_PROG31975.app; sourceTree = BUILT_PRODUCTS_DIR; };
		DF6DB35521B67D4C0085CF11 /* Base */ = {isa = PBXFileReference; lastKnownFileType = file.storyboard; name = Base; path = Base.lproj/Interface.storyboard; sourceTree = "<group>"; };
		DF6DB35721B67D4D0085CF11 /* Assets.xcassets */ = {isa = PBXFileReference; lastKnownFileType = folder.assetcatalog; path = Assets.xcassets; sourceTree = "<group>"; };
		DF6DB35921B67D4D0085CF11 /* Info.plist */ = {isa = PBXFileReference; lastKnownFileType = text.plist.xml; path = Info.plist; sourceTree = "<group>"; };
		DF6DB35E21B67D4D0085CF11 /* FinalProjectWatch_PROG31975 Extension.appex */ = {isa = PBXFileReference; explicitFileType = "wrapper.app-extension"; includeInIndex = 0; path = "FinalProjectWatch_PROG31975 Extension.appex"; sourceTree = BUILT_PRODUCTS_DIR; };
		DF6DB36321B67D4E0085CF11 /* InterfaceController.swift */ = {isa = PBXFileReference; lastKnownFileType = sourcecode.swift; path = InterfaceController.swift; sourceTree = "<group>"; };
		DF6DB36521B67D4F0085CF11 /* ExtensionDelegate.swift */ = {isa = PBXFileReference; lastKnownFileType = sourcecode.swift; path = ExtensionDelegate.swift; sourceTree = "<group>"; };
		DF6DB36721B67D4F0085CF11 /* NotificationController.swift */ = {isa = PBXFileReference; lastKnownFileType = sourcecode.swift; path = NotificationController.swift; sourceTree = "<group>"; };
		DF6DB36921B67D4F0085CF11 /* Assets.xcassets */ = {isa = PBXFileReference; lastKnownFileType = folder.assetcatalog; path = Assets.xcassets; sourceTree = "<group>"; };
		DF6DB36B21B67D4F0085CF11 /* Info.plist */ = {isa = PBXFileReference; lastKnownFileType = text.plist.xml; path = Info.plist; sourceTree = "<group>"; };
		DF6DB36C21B67D4F0085CF11 /* PushNotificationPayload.apns */ = {isa = PBXFileReference; lastKnownFileType = text; path = PushNotificationPayload.apns; sourceTree = "<group>"; };
		DF95725E21C1BFDA0036120D /* GetData.swift */ = {isa = PBXFileReference; fileEncoding = 4; lastKnownFileType = sourcecode.swift; path = GetData.swift; sourceTree = "<group>"; };
		DFD0116721B629E900922ED7 /* Locations.swift */ = {isa = PBXFileReference; lastKnownFileType = sourcecode.swift; path = Locations.swift; sourceTree = "<group>"; };
		DFD0116921B62CC500922ED7 /* PeekCell.swift */ = {isa = PBXFileReference; lastKnownFileType = sourcecode.swift; path = PeekCell.swift; sourceTree = "<group>"; };
/* End PBXFileReference section */

/* Begin PBXFrameworksBuildPhase section */
		00B78CB52187CDEC00157530 /* Frameworks */ = {
			isa = PBXFrameworksBuildPhase;
			buildActionMask = 2147483647;
			files = (
				3025DCC921C1C362006DA045 /* CoreLocation.framework in Frameworks */,
				3025DCC721C1C35A006DA045 /* MapKit.framework in Frameworks */,
			);
			runOnlyForDeploymentPostprocessing = 0;
		};
		DF6DB35B21B67D4D0085CF11 /* Frameworks */ = {
			isa = PBXFrameworksBuildPhase;
			buildActionMask = 2147483647;
			files = (
			);
			runOnlyForDeploymentPostprocessing = 0;
		};
/* End PBXFrameworksBuildPhase section */

/* Begin PBXGroup section */
		00B78CAF2187CDEC00157530 = {
			isa = PBXGroup;
			children = (
				00B78CBA2187CDEC00157530 /* FinalProject_PROG31975 */,
				DF6DB35321B67D4C0085CF11 /* FinalProjectWatch_PROG31975 */,
				DF6DB36221B67D4D0085CF11 /* FinalProjectWatch_PROG31975 Extension */,
				00B78CB92187CDEC00157530 /* Products */,
				DFD011F521B6348900922ED7 /* Frameworks */,
			);
			sourceTree = "<group>";
		};
		00B78CB92187CDEC00157530 /* Products */ = {
			isa = PBXGroup;
			children = (
				00B78CB82187CDEC00157530 /* FinalProject_PROG31975.app */,
				DF6DB35221B67D4C0085CF11 /* FinalProjectWatch_PROG31975.app */,
				DF6DB35E21B67D4D0085CF11 /* FinalProjectWatch_PROG31975 Extension.appex */,
			);
			name = Products;
			sourceTree = "<group>";
		};
		00B78CBA2187CDEC00157530 /* FinalProject_PROG31975 */ = {
			isa = PBXGroup;
			children = (
				00B78CD12187D04200157530 /* View Controllers */,
				00B78CD02187D03300157530 /* Classes */,
				00B78CCF2187D02A00157530 /* Assets */,
				00B78CCE2187D01600157530 /* Storyboards */,
				00B78CCD2187D00100157530 /* Database */,
				00B78CC72187CDEF00157530 /* Info.plist */,
			);
			path = FinalProject_PROG31975;
			sourceTree = "<group>";
		};
		00B78CCD2187D00100157530 /* Database */ = {
			isa = PBXGroup;
			children = (
			);
			path = Database;
			sourceTree = "<group>";
		};
		00B78CCE2187D01600157530 /* Storyboards */ = {
			isa = PBXGroup;
			children = (
				00B78CBF2187CDEC00157530 /* Main.storyboard */,
				00B78CC42187CDEF00157530 /* LaunchScreen.storyboard */,
			);
			path = Storyboards;
			sourceTree = "<group>";
		};
		00B78CCF2187D02A00157530 /* Assets */ = {
			isa = PBXGroup;
			children = (
				00B78CC22187CDEF00157530 /* Assets.xcassets */,
			);
			path = Assets;
			sourceTree = "<group>";
		};
		00B78CD02187D03300157530 /* Classes */ = {
			isa = PBXGroup;
			children = (
				DF95725E21C1BFDA0036120D /* GetData.swift */,
				00B78CBB2187CDEC00157530 /* AppDelegate.swift */,
				00B78CD8218D32AE00157530 /* PostInterface.swift */,
				232AE8562194A76A00D60E86 /* PostTableViewCell.swift */,
				00B78D69219CC2F900157530 /* ReplyTableViewCell.swift */,
				00B78CD2218CD05900157530 /* Post.swift */,
				00B78CD6218CD68E00157530 /* Reply.swift */,
				00B78CD4218CD2E400157530 /* User.swift */,
				DFD0116721B629E900922ED7 /* Locations.swift */,
				DFD0116921B62CC500922ED7 /* PeekCell.swift */,
			);
			path = Classes;
			sourceTree = "<group>";
		};
		00B78CD12187D04200157530 /* View Controllers */ = {
			isa = PBXGroup;
			children = (
				00B78CBD2187CDEC00157530 /* HomeViewController.swift */,
				00B78CDA2193F92F00157530 /* PostViewController.swift */,
				00B78D67219CB3DE00157530 /* RepliesViewController.swift */,
				00B78D5F219C8D7600157530 /* MeViewController.swift */,
				00B78D61219CA53E00157530 /* PeeksViewController.swift */,
				00B78D63219CA54C00157530 /* MoreViewController.swift */,
				00B78D65219CA68800157530 /* SettingsViewController.swift */,
			);
			path = "View Controllers";
			sourceTree = "<group>";
		};
		DF6DB35321B67D4C0085CF11 /* FinalProjectWatch_PROG31975 */ = {
			isa = PBXGroup;
			children = (
				DF6DB35421B67D4C0085CF11 /* Interface.storyboard */,
				DF6DB35721B67D4D0085CF11 /* Assets.xcassets */,
				DF6DB35921B67D4D0085CF11 /* Info.plist */,
			);
			path = FinalProjectWatch_PROG31975;
			sourceTree = "<group>";
		};
		DF6DB36221B67D4D0085CF11 /* FinalProjectWatch_PROG31975 Extension */ = {
			isa = PBXGroup;
			children = (
				DF6DB36321B67D4E0085CF11 /* InterfaceController.swift */,
				DF6DB36521B67D4F0085CF11 /* ExtensionDelegate.swift */,
				DF6DB36721B67D4F0085CF11 /* NotificationController.swift */,
				DF6DB36921B67D4F0085CF11 /* Assets.xcassets */,
				DF6DB36B21B67D4F0085CF11 /* Info.plist */,
				DF6DB36C21B67D4F0085CF11 /* PushNotificationPayload.apns */,
			);
			path = "FinalProjectWatch_PROG31975 Extension";
			sourceTree = "<group>";
		};
		DFD011F521B6348900922ED7 /* Frameworks */ = {
			isa = PBXGroup;
			children = (
				3025DCC821C1C362006DA045 /* CoreLocation.framework */,
				3025DCC621C1C35A006DA045 /* MapKit.framework */,
			);
			name = Frameworks;
			sourceTree = "<group>";
		};
/* End PBXGroup section */

/* Begin PBXNativeTarget section */
		00B78CB72187CDEC00157530 /* FinalProject_PROG31975 */ = {
			isa = PBXNativeTarget;
			buildConfigurationList = 00B78CCA2187CDEF00157530 /* Build configuration list for PBXNativeTarget "FinalProject_PROG31975" */;
			buildPhases = (
				00B78CB42187CDEC00157530 /* Sources */,
				00B78CB52187CDEC00157530 /* Frameworks */,
				00B78CB62187CDEC00157530 /* Resources */,
				DF6DB37721B67D4F0085CF11 /* Embed Watch Content */,
			);
			buildRules = (
			);
			dependencies = (
				DF6DB36E21B67D4F0085CF11 /* PBXTargetDependency */,
			);
			name = FinalProject_PROG31975;
			productName = FinalProject_PROG31975;
			productReference = 00B78CB82187CDEC00157530 /* FinalProject_PROG31975.app */;
			productType = "com.apple.product-type.application";
		};
		DF6DB35121B67D4C0085CF11 /* FinalProjectWatch_PROG31975 */ = {
			isa = PBXNativeTarget;
			buildConfigurationList = DF6DB37621B67D4F0085CF11 /* Build configuration list for PBXNativeTarget "FinalProjectWatch_PROG31975" */;
			buildPhases = (
				DF6DB35021B67D4C0085CF11 /* Resources */,
				DF6DB37521B67D4F0085CF11 /* Embed App Extensions */,
			);
			buildRules = (
			);
			dependencies = (
				DF6DB36121B67D4D0085CF11 /* PBXTargetDependency */,
			);
			name = FinalProjectWatch_PROG31975;
			productName = FinalProjectWatch_PROG31975;
			productReference = DF6DB35221B67D4C0085CF11 /* FinalProjectWatch_PROG31975.app */;
			productType = "com.apple.product-type.application.watchapp2";
		};
		DF6DB35D21B67D4D0085CF11 /* FinalProjectWatch_PROG31975 Extension */ = {
			isa = PBXNativeTarget;
			buildConfigurationList = DF6DB37421B67D4F0085CF11 /* Build configuration list for PBXNativeTarget "FinalProjectWatch_PROG31975 Extension" */;
			buildPhases = (
				DF6DB35A21B67D4D0085CF11 /* Sources */,
				DF6DB35B21B67D4D0085CF11 /* Frameworks */,
				DF6DB35C21B67D4D0085CF11 /* Resources */,
			);
			buildRules = (
			);
			dependencies = (
			);
			name = "FinalProjectWatch_PROG31975 Extension";
			productName = "FinalProjectWatch_PROG31975 Extension";
			productReference = DF6DB35E21B67D4D0085CF11 /* FinalProjectWatch_PROG31975 Extension.appex */;
			productType = "com.apple.product-type.watchkit2-extension";
		};
/* End PBXNativeTarget section */

/* Begin PBXProject section */
		00B78CB02187CDEC00157530 /* Project object */ = {
			isa = PBXProject;
			attributes = {
				LastSwiftUpdateCheck = 0940;
				LastUpgradeCheck = 0930;
				ORGANIZATIONNAME = PROG31975;
				TargetAttributes = {
					00B78CB72187CDEC00157530 = {
						CreatedOnToolsVersion = 9.3;
					};
					DF6DB35121B67D4C0085CF11 = {
						CreatedOnToolsVersion = 9.4.1;
					};
					DF6DB35D21B67D4D0085CF11 = {
						CreatedOnToolsVersion = 9.4.1;
					};
				};
			};
			buildConfigurationList = 00B78CB32187CDEC00157530 /* Build configuration list for PBXProject "FinalProject_PROG31975" */;
			compatibilityVersion = "Xcode 9.3";
			developmentRegion = en;
			hasScannedForEncodings = 0;
			knownRegions = (
				en,
				Base,
			);
			mainGroup = 00B78CAF2187CDEC00157530;
			productRefGroup = 00B78CB92187CDEC00157530 /* Products */;
			projectDirPath = "";
			projectRoot = "";
			targets = (
				00B78CB72187CDEC00157530 /* FinalProject_PROG31975 */,
				DF6DB35121B67D4C0085CF11 /* FinalProjectWatch_PROG31975 */,
				DF6DB35D21B67D4D0085CF11 /* FinalProjectWatch_PROG31975 Extension */,
			);
		};
/* End PBXProject section */

/* Begin PBXResourcesBuildPhase section */
		00B78CB62187CDEC00157530 /* Resources */ = {
			isa = PBXResourcesBuildPhase;
			buildActionMask = 2147483647;
			files = (
				00B78CC62187CDEF00157530 /* LaunchScreen.storyboard in Resources */,
				00B78CC32187CDEF00157530 /* Assets.xcassets in Resources */,
				00B78CC12187CDEC00157530 /* Main.storyboard in Resources */,
			);
			runOnlyForDeploymentPostprocessing = 0;
		};
		DF6DB35021B67D4C0085CF11 /* Resources */ = {
			isa = PBXResourcesBuildPhase;
			buildActionMask = 2147483647;
			files = (
				DF6DB35821B67D4D0085CF11 /* Assets.xcassets in Resources */,
				DF6DB35621B67D4C0085CF11 /* Interface.storyboard in Resources */,
			);
			runOnlyForDeploymentPostprocessing = 0;
		};
		DF6DB35C21B67D4D0085CF11 /* Resources */ = {
			isa = PBXResourcesBuildPhase;
			buildActionMask = 2147483647;
			files = (
				DF6DB36A21B67D4F0085CF11 /* Assets.xcassets in Resources */,
			);
			runOnlyForDeploymentPostprocessing = 0;
		};
/* End PBXResourcesBuildPhase section */

/* Begin PBXSourcesBuildPhase section */
		00B78CB42187CDEC00157530 /* Sources */ = {
			isa = PBXSourcesBuildPhase;
			buildActionMask = 2147483647;
			files = (
				00B78D60219C8D7600157530 /* MeViewController.swift in Sources */,
				00B78D62219CA53E00157530 /* PeeksViewController.swift in Sources */,
				00B78D6A219CC2F900157530 /* ReplyTableViewCell.swift in Sources */,
				DFD0116821B629E900922ED7 /* Locations.swift in Sources */,
				00B78CD5218CD2E400157530 /* User.swift in Sources */,
				00B78CD7218CD68E00157530 /* Reply.swift in Sources */,
				00B78D64219CA54C00157530 /* MoreViewController.swift in Sources */,
				00B78CDB2193F92F00157530 /* PostViewController.swift in Sources */,
				DF95725F21C1BFDA0036120D /* GetData.swift in Sources */,
				232AE8572194A76A00D60E86 /* PostTableViewCell.swift in Sources */,
				00B78CBE2187CDEC00157530 /* HomeViewController.swift in Sources */,
				00B78CD3218CD05900157530 /* Post.swift in Sources */,
				00B78CBC2187CDEC00157530 /* AppDelegate.swift in Sources */,
				00B78CD9218D32AE00157530 /* PostInterface.swift in Sources */,
				00B78D68219CB3DE00157530 /* RepliesViewController.swift in Sources */,
				DFD0116A21B62CC500922ED7 /* PeekCell.swift in Sources */,
				00B78D66219CA68800157530 /* SettingsViewController.swift in Sources */,
			);
			runOnlyForDeploymentPostprocessing = 0;
		};
		DF6DB35A21B67D4D0085CF11 /* Sources */ = {
			isa = PBXSourcesBuildPhase;
			buildActionMask = 2147483647;
			files = (
				DF6DB36821B67D4F0085CF11 /* NotificationController.swift in Sources */,
				DF6DB36621B67D4F0085CF11 /* ExtensionDelegate.swift in Sources */,
				DF6DB36421B67D4E0085CF11 /* InterfaceController.swift in Sources */,
			);
			runOnlyForDeploymentPostprocessing = 0;
		};
/* End PBXSourcesBuildPhase section */

/* Begin PBXTargetDependency section */
		DF6DB36121B67D4D0085CF11 /* PBXTargetDependency */ = {
			isa = PBXTargetDependency;
			target = DF6DB35D21B67D4D0085CF11 /* FinalProjectWatch_PROG31975 Extension */;
			targetProxy = DF6DB36021B67D4D0085CF11 /* PBXContainerItemProxy */;
		};
		DF6DB36E21B67D4F0085CF11 /* PBXTargetDependency */ = {
			isa = PBXTargetDependency;
			target = DF6DB35121B67D4C0085CF11 /* FinalProjectWatch_PROG31975 */;
			targetProxy = DF6DB36D21B67D4F0085CF11 /* PBXContainerItemProxy */;
		};
/* End PBXTargetDependency section */

/* Begin PBXVariantGroup section */
		00B78CBF2187CDEC00157530 /* Main.storyboard */ = {
			isa = PBXVariantGroup;
			children = (
				00B78CC02187CDEC00157530 /* Base */,
			);
			name = Main.storyboard;
			sourceTree = "<group>";
		};
		00B78CC42187CDEF00157530 /* LaunchScreen.storyboard */ = {
			isa = PBXVariantGroup;
			children = (
				00B78CC52187CDEF00157530 /* Base */,
			);
			name = LaunchScreen.storyboard;
			sourceTree = "<group>";
		};
		DF6DB35421B67D4C0085CF11 /* Interface.storyboard */ = {
			isa = PBXVariantGroup;
			children = (
				DF6DB35521B67D4C0085CF11 /* Base */,
			);
			name = Interface.storyboard;
			sourceTree = "<group>";
		};
/* End PBXVariantGroup section */

/* Begin XCBuildConfiguration section */
		00B78CC82187CDEF00157530 /* Debug */ = {
			isa = XCBuildConfiguration;
			buildSettings = {
				ALWAYS_SEARCH_USER_PATHS = NO;
				CLANG_ANALYZER_NONNULL = YES;
				CLANG_ANALYZER_NUMBER_OBJECT_CONVERSION = YES_AGGRESSIVE;
				CLANG_CXX_LANGUAGE_STANDARD = "gnu++14";
				CLANG_CXX_LIBRARY = "libc++";
				CLANG_ENABLE_MODULES = YES;
				CLANG_ENABLE_OBJC_ARC = YES;
				CLANG_ENABLE_OBJC_WEAK = YES;
				CLANG_WARN_BLOCK_CAPTURE_AUTORELEASING = YES;
				CLANG_WARN_BOOL_CONVERSION = YES;
				CLANG_WARN_COMMA = YES;
				CLANG_WARN_CONSTANT_CONVERSION = YES;
				CLANG_WARN_DEPRECATED_OBJC_IMPLEMENTATIONS = YES;
				CLANG_WARN_DIRECT_OBJC_ISA_USAGE = YES_ERROR;
				CLANG_WARN_DOCUMENTATION_COMMENTS = YES;
				CLANG_WARN_EMPTY_BODY = YES;
				CLANG_WARN_ENUM_CONVERSION = YES;
				CLANG_WARN_INFINITE_RECURSION = YES;
				CLANG_WARN_INT_CONVERSION = YES;
				CLANG_WARN_NON_LITERAL_NULL_CONVERSION = YES;
				CLANG_WARN_OBJC_IMPLICIT_RETAIN_SELF = YES;
				CLANG_WARN_OBJC_LITERAL_CONVERSION = YES;
				CLANG_WARN_OBJC_ROOT_CLASS = YES_ERROR;
				CLANG_WARN_RANGE_LOOP_ANALYSIS = YES;
				CLANG_WARN_STRICT_PROTOTYPES = YES;
				CLANG_WARN_SUSPICIOUS_MOVE = YES;
				CLANG_WARN_UNGUARDED_AVAILABILITY = YES_AGGRESSIVE;
				CLANG_WARN_UNREACHABLE_CODE = YES;
				CLANG_WARN__DUPLICATE_METHOD_MATCH = YES;
				CODE_SIGN_IDENTITY = "iPhone Developer";
				COPY_PHASE_STRIP = NO;
				DEBUG_INFORMATION_FORMAT = dwarf;
				ENABLE_STRICT_OBJC_MSGSEND = YES;
				ENABLE_TESTABILITY = YES;
				GCC_C_LANGUAGE_STANDARD = gnu11;
				GCC_DYNAMIC_NO_PIC = NO;
				GCC_NO_COMMON_BLOCKS = YES;
				GCC_OPTIMIZATION_LEVEL = 0;
				GCC_PREPROCESSOR_DEFINITIONS = (
					"DEBUG=1",
					"$(inherited)",
				);
				GCC_WARN_64_TO_32_BIT_CONVERSION = YES;
				GCC_WARN_ABOUT_RETURN_TYPE = YES_ERROR;
				GCC_WARN_UNDECLARED_SELECTOR = YES;
				GCC_WARN_UNINITIALIZED_AUTOS = YES_AGGRESSIVE;
				GCC_WARN_UNUSED_FUNCTION = YES;
				GCC_WARN_UNUSED_VARIABLE = YES;
				IPHONEOS_DEPLOYMENT_TARGET = 11.3;
				MTL_ENABLE_DEBUG_INFO = YES;
				ONLY_ACTIVE_ARCH = YES;
				SDKROOT = iphoneos;
				SWIFT_ACTIVE_COMPILATION_CONDITIONS = DEBUG;
				SWIFT_OPTIMIZATION_LEVEL = "-Onone";
			};
			name = Debug;
		};
		00B78CC92187CDEF00157530 /* Release */ = {
			isa = XCBuildConfiguration;
			buildSettings = {
				ALWAYS_SEARCH_USER_PATHS = NO;
				CLANG_ANALYZER_NONNULL = YES;
				CLANG_ANALYZER_NUMBER_OBJECT_CONVERSION = YES_AGGRESSIVE;
				CLANG_CXX_LANGUAGE_STANDARD = "gnu++14";
				CLANG_CXX_LIBRARY = "libc++";
				CLANG_ENABLE_MODULES = YES;
				CLANG_ENABLE_OBJC_ARC = YES;
				CLANG_ENABLE_OBJC_WEAK = YES;
				CLANG_WARN_BLOCK_CAPTURE_AUTORELEASING = YES;
				CLANG_WARN_BOOL_CONVERSION = YES;
				CLANG_WARN_COMMA = YES;
				CLANG_WARN_CONSTANT_CONVERSION = YES;
				CLANG_WARN_DEPRECATED_OBJC_IMPLEMENTATIONS = YES;
				CLANG_WARN_DIRECT_OBJC_ISA_USAGE = YES_ERROR;
				CLANG_WARN_DOCUMENTATION_COMMENTS = YES;
				CLANG_WARN_EMPTY_BODY = YES;
				CLANG_WARN_ENUM_CONVERSION = YES;
				CLANG_WARN_INFINITE_RECURSION = YES;
				CLANG_WARN_INT_CONVERSION = YES;
				CLANG_WARN_NON_LITERAL_NULL_CONVERSION = YES;
				CLANG_WARN_OBJC_IMPLICIT_RETAIN_SELF = YES;
				CLANG_WARN_OBJC_LITERAL_CONVERSION = YES;
				CLANG_WARN_OBJC_ROOT_CLASS = YES_ERROR;
				CLANG_WARN_RANGE_LOOP_ANALYSIS = YES;
				CLANG_WARN_STRICT_PROTOTYPES = YES;
				CLANG_WARN_SUSPICIOUS_MOVE = YES;
				CLANG_WARN_UNGUARDED_AVAILABILITY = YES_AGGRESSIVE;
				CLANG_WARN_UNREACHABLE_CODE = YES;
				CLANG_WARN__DUPLICATE_METHOD_MATCH = YES;
				CODE_SIGN_IDENTITY = "iPhone Developer";
				COPY_PHASE_STRIP = NO;
				DEBUG_INFORMATION_FORMAT = "dwarf-with-dsym";
				ENABLE_NS_ASSERTIONS = NO;
				ENABLE_STRICT_OBJC_MSGSEND = YES;
				GCC_C_LANGUAGE_STANDARD = gnu11;
				GCC_NO_COMMON_BLOCKS = YES;
				GCC_WARN_64_TO_32_BIT_CONVERSION = YES;
				GCC_WARN_ABOUT_RETURN_TYPE = YES_ERROR;
				GCC_WARN_UNDECLARED_SELECTOR = YES;
				GCC_WARN_UNINITIALIZED_AUTOS = YES_AGGRESSIVE;
				GCC_WARN_UNUSED_FUNCTION = YES;
				GCC_WARN_UNUSED_VARIABLE = YES;
				IPHONEOS_DEPLOYMENT_TARGET = 11.3;
				MTL_ENABLE_DEBUG_INFO = NO;
				SDKROOT = iphoneos;
				SWIFT_COMPILATION_MODE = wholemodule;
				SWIFT_OPTIMIZATION_LEVEL = "-O";
				VALIDATE_PRODUCT = YES;
			};
			name = Release;
		};
		00B78CCB2187CDEF00157530 /* Debug */ = {
			isa = XCBuildConfiguration;
			buildSettings = {
				ASSETCATALOG_COMPILER_APPICON_NAME = AppIcon;
				CODE_SIGN_STYLE = Automatic;
				INFOPLIST_FILE = FinalProject_PROG31975/Info.plist;
				LD_RUNPATH_SEARCH_PATHS = (
					"$(inherited)",
					"@executable_path/Frameworks",
				);
				PRODUCT_BUNDLE_IDENTIFIER = "Midterm.FinalProject-PROG31975";
				PRODUCT_NAME = "$(TARGET_NAME)";
				SWIFT_VERSION = 4.0;
				TARGETED_DEVICE_FAMILY = "1,2";
			};
			name = Debug;
		};
		00B78CCC2187CDEF00157530 /* Release */ = {
			isa = XCBuildConfiguration;
			buildSettings = {
				ASSETCATALOG_COMPILER_APPICON_NAME = AppIcon;
				CODE_SIGN_STYLE = Automatic;
				INFOPLIST_FILE = FinalProject_PROG31975/Info.plist;
				LD_RUNPATH_SEARCH_PATHS = (
					"$(inherited)",
					"@executable_path/Frameworks",
				);
				PRODUCT_BUNDLE_IDENTIFIER = "Midterm.FinalProject-PROG31975";
				PRODUCT_NAME = "$(TARGET_NAME)";
				SWIFT_VERSION = 4.0;
				TARGETED_DEVICE_FAMILY = "1,2";
			};
			name = Release;
		};
		DF6DB37021B67D4F0085CF11 /* Debug */ = {
			isa = XCBuildConfiguration;
			buildSettings = {
				ALWAYS_EMBED_SWIFT_STANDARD_LIBRARIES = YES;
				ASSETCATALOG_COMPILER_APPICON_NAME = AppIcon;
				CODE_SIGN_STYLE = Automatic;
				IBSC_MODULE = FinalProjectWatch_PROG31975_Extension;
				INFOPLIST_FILE = FinalProjectWatch_PROG31975/Info.plist;
				PRODUCT_BUNDLE_IDENTIFIER = "Midterm.FinalProject-PROG31975.watchkitapp";
				PRODUCT_NAME = "$(TARGET_NAME)";
				SDKROOT = watchos;
				SKIP_INSTALL = YES;
				SWIFT_VERSION = 4.0;
				TARGETED_DEVICE_FAMILY = 4;
				WATCHOS_DEPLOYMENT_TARGET = 4.3;
			};
			name = Debug;
		};
		DF6DB37121B67D4F0085CF11 /* Release */ = {
			isa = XCBuildConfiguration;
			buildSettings = {
				ALWAYS_EMBED_SWIFT_STANDARD_LIBRARIES = YES;
				ASSETCATALOG_COMPILER_APPICON_NAME = AppIcon;
				CODE_SIGN_STYLE = Automatic;
				IBSC_MODULE = FinalProjectWatch_PROG31975_Extension;
				INFOPLIST_FILE = FinalProjectWatch_PROG31975/Info.plist;
				PRODUCT_BUNDLE_IDENTIFIER = "Midterm.FinalProject-PROG31975.watchkitapp";
				PRODUCT_NAME = "$(TARGET_NAME)";
				SDKROOT = watchos;
				SKIP_INSTALL = YES;
				SWIFT_VERSION = 4.0;
				TARGETED_DEVICE_FAMILY = 4;
				WATCHOS_DEPLOYMENT_TARGET = 4.3;
			};
			name = Release;
		};
		DF6DB37221B67D4F0085CF11 /* Debug */ = {
			isa = XCBuildConfiguration;
			buildSettings = {
				ASSETCATALOG_COMPILER_COMPLICATION_NAME = Complication;
				CODE_SIGN_STYLE = Automatic;
				INFOPLIST_FILE = "FinalProjectWatch_PROG31975 Extension/Info.plist";
				LD_RUNPATH_SEARCH_PATHS = (
					"$(inherited)",
					"@executable_path/Frameworks",
					"@executable_path/../../Frameworks",
				);
				PRODUCT_BUNDLE_IDENTIFIER = "Midterm.FinalProject-PROG31975.watchkitapp.watchkitextension";
				PRODUCT_NAME = "${TARGET_NAME}";
				SDKROOT = watchos;
				SKIP_INSTALL = YES;
				SWIFT_VERSION = 4.0;
				TARGETED_DEVICE_FAMILY = 4;
				WATCHOS_DEPLOYMENT_TARGET = 4.3;
			};
			name = Debug;
		};
		DF6DB37321B67D4F0085CF11 /* Release */ = {
			isa = XCBuildConfiguration;
			buildSettings = {
				ASSETCATALOG_COMPILER_COMPLICATION_NAME = Complication;
				CODE_SIGN_STYLE = Automatic;
				INFOPLIST_FILE = "FinalProjectWatch_PROG31975 Extension/Info.plist";
				LD_RUNPATH_SEARCH_PATHS = (
					"$(inherited)",
					"@executable_path/Frameworks",
					"@executable_path/../../Frameworks",
				);
				PRODUCT_BUNDLE_IDENTIFIER = "Midterm.FinalProject-PROG31975.watchkitapp.watchkitextension";
				PRODUCT_NAME = "${TARGET_NAME}";
				SDKROOT = watchos;
				SKIP_INSTALL = YES;
				SWIFT_VERSION = 4.0;
				TARGETED_DEVICE_FAMILY = 4;
				WATCHOS_DEPLOYMENT_TARGET = 4.3;
			};
			name = Release;
		};
/* End XCBuildConfiguration section */

/* Begin XCConfigurationList section */
		00B78CB32187CDEC00157530 /* Build configuration list for PBXProject "FinalProject_PROG31975" */ = {
			isa = XCConfigurationList;
			buildConfigurations = (
				00B78CC82187CDEF00157530 /* Debug */,
				00B78CC92187CDEF00157530 /* Release */,
			);
			defaultConfigurationIsVisible = 0;
			defaultConfigurationName = Release;
		};
		00B78CCA2187CDEF00157530 /* Build configuration list for PBXNativeTarget "FinalProject_PROG31975" */ = {
			isa = XCConfigurationList;
			buildConfigurations = (
				00B78CCB2187CDEF00157530 /* Debug */,
				00B78CCC2187CDEF00157530 /* Release */,
			);
			defaultConfigurationIsVisible = 0;
			defaultConfigurationName = Release;
		};
		DF6DB37421B67D4F0085CF11 /* Build configuration list for PBXNativeTarget "FinalProjectWatch_PROG31975 Extension" */ = {
			isa = XCConfigurationList;
			buildConfigurations = (
				DF6DB37221B67D4F0085CF11 /* Debug */,
				DF6DB37321B67D4F0085CF11 /* Release */,
			);
			defaultConfigurationIsVisible = 0;
			defaultConfigurationName = Release;
		};
		DF6DB37621B67D4F0085CF11 /* Build configuration list for PBXNativeTarget "FinalProjectWatch_PROG31975" */ = {
			isa = XCConfigurationList;
			buildConfigurations = (
				DF6DB37021B67D4F0085CF11 /* Debug */,
				DF6DB37121B67D4F0085CF11 /* Release */,
			);
			defaultConfigurationIsVisible = 0;
			defaultConfigurationName = Release;
		};
/* End XCConfigurationList section */
	};
	rootObject = 00B78CB02187CDEC00157530 /* Project object */;
}
