// !$*UTF8*$!
{
	archiveVersion = 1;
	classes = {
	};
	objectVersion = 50;
	objects = {

/* Begin PBXBuildFile section */
		00B78CBC2187CDEC00157530 /* AppDelegate.swift in Sources */ = {isa = PBXBuildFile; fileRef = 00B78CBB2187CDEC00157530 /* AppDelegate.swift */; };
		00B78CBE2187CDEC00157530 /* ViewController.swift in Sources */ = {isa = PBXBuildFile; fileRef = 00B78CBD2187CDEC00157530 /* ViewController.swift */; };
		00B78CC12187CDEC00157530 /* Main.storyboard in Resources */ = {isa = PBXBuildFile; fileRef = 00B78CBF2187CDEC00157530 /* Main.storyboard */; };
		00B78CC32187CDEF00157530 /* Assets.xcassets in Resources */ = {isa = PBXBuildFile; fileRef = 00B78CC22187CDEF00157530 /* Assets.xcassets */; };
		00B78CC62187CDEF00157530 /* LaunchScreen.storyboard in Resources */ = {isa = PBXBuildFile; fileRef = 00B78CC42187CDEF00157530 /* LaunchScreen.storyboard */; };
		00B78CD3218CD05900157530 /* Post.swift in Sources */ = {isa = PBXBuildFile; fileRef = 00B78CD2218CD05900157530 /* Post.swift */; };
		00B78CD5218CD2E400157530 /* User.swift in Sources */ = {isa = PBXBuildFile; fileRef = 00B78CD4218CD2E400157530 /* User.swift */; };
		00B78CD7218CD68E00157530 /* Reply.swift in Sources */ = {isa = PBXBuildFile; fileRef = 00B78CD6218CD68E00157530 /* Reply.swift */; };
		00B78CD9218D32AE00157530 /* PostInterface.swift in Sources */ = {isa = PBXBuildFile; fileRef = 00B78CD8218D32AE00157530 /* PostInterface.swift */; };
		00B78CDB2193F92F00157530 /* PostViewController.swift in Sources */ = {isa = PBXBuildFile; fileRef = 00B78CDA2193F92F00157530 /* PostViewController.swift */; };
		00B78D60219C8D7600157530 /* MeViewController.swift in Sources */ = {isa = PBXBuildFile; fileRef = 00B78D5F219C8D7600157530 /* MeViewController.swift */; };
		00B78D62219CA53E00157530 /* PeeksViewController.swift in Sources */ = {isa = PBXBuildFile; fileRef = 00B78D61219CA53E00157530 /* PeeksViewController.swift */; };
		00B78D64219CA54C00157530 /* MoreViewController.swift in Sources */ = {isa = PBXBuildFile; fileRef = 00B78D63219CA54C00157530 /* MoreViewController.swift */; };
		00B78D66219CA68800157530 /* SettingsViewController.swift in Sources */ = {isa = PBXBuildFile; fileRef = 00B78D65219CA68800157530 /* SettingsViewController.swift */; };
		232AE8572194A76A00D60E86 /* PostTableViewCell.swift in Sources */ = {isa = PBXBuildFile; fileRef = 232AE8562194A76A00D60E86 /* PostTableViewCell.swift */; };
/* End PBXBuildFile section */

/* Begin PBXFileReference section */
		00B78CB82187CDEC00157530 /* FinalProject_PROG31975.app */ = {isa = PBXFileReference; explicitFileType = wrapper.application; includeInIndex = 0; path = FinalProject_PROG31975.app; sourceTree = BUILT_PRODUCTS_DIR; };
		00B78CBB2187CDEC00157530 /* AppDelegate.swift */ = {isa = PBXFileReference; lastKnownFileType = sourcecode.swift; path = AppDelegate.swift; sourceTree = "<group>"; };
		00B78CBD2187CDEC00157530 /* ViewController.swift */ = {isa = PBXFileReference; lastKnownFileType = sourcecode.swift; path = ViewController.swift; sourceTree = "<group>"; };
		00B78CC02187CDEC00157530 /* Base */ = {isa = PBXFileReference; lastKnownFileType = file.storyboard; name = Base; path = Base.lproj/Main.storyboard; sourceTree = "<group>"; };
		00B78CC22187CDEF00157530 /* Assets.xcassets */ = {isa = PBXFileReference; lastKnownFileType = folder.assetcatalog; path = Assets.xcassets; sourceTree = "<group>"; };
		00B78CC52187CDEF00157530 /* Base */ = {isa = PBXFileReference; lastKnownFileType = file.storyboard; name = Base; path = Base.lproj/LaunchScreen.storyboard; sourceTree = "<group>"; };
		00B78CC72187CDEF00157530 /* Info.plist */ = {isa = PBXFileReference; lastKnownFileType = text.plist.xml; path = Info.plist; sourceTree = "<group>"; };
		00B78CD2218CD05900157530 /* Post.swift */ = {isa = PBXFileReference; lastKnownFileType = sourcecode.swift; path = Post.swift; sourceTree = "<group>"; };
		00B78CD4218CD2E400157530 /* User.swift */ = {isa = PBXFileReference; lastKnownFileType = sourcecode.swift; path = User.swift; sourceTree = "<group>"; };
		00B78CD6218CD68E00157530 /* Reply.swift */ = {isa = PBXFileReference; lastKnownFileType = sourcecode.swift; path = Reply.swift; sourceTree = "<group>"; };
		00B78CD8218D32AE00157530 /* PostInterface.swift */ = {isa = PBXFileReference; lastKnownFileType = sourcecode.swift; path = PostInterface.swift; sourceTree = "<group>"; };
		00B78CDA2193F92F00157530 /* PostViewController.swift */ = {isa = PBXFileReference; lastKnownFileType = sourcecode.swift; path = PostViewController.swift; sourceTree = "<group>"; };
		00B78D5F219C8D7600157530 /* MeViewController.swift */ = {isa = PBXFileReference; lastKnownFileType = sourcecode.swift; path = MeViewController.swift; sourceTree = "<group>"; };
		00B78D61219CA53E00157530 /* PeeksViewController.swift */ = {isa = PBXFileReference; lastKnownFileType = sourcecode.swift; path = PeeksViewController.swift; sourceTree = "<group>"; };
		00B78D63219CA54C00157530 /* MoreViewController.swift */ = {isa = PBXFileReference; lastKnownFileType = sourcecode.swift; path = MoreViewController.swift; sourceTree = "<group>"; };
		00B78D65219CA68800157530 /* SettingsViewController.swift */ = {isa = PBXFileReference; lastKnownFileType = sourcecode.swift; path = SettingsViewController.swift; sourceTree = "<group>"; };
		232AE8562194A76A00D60E86 /* PostTableViewCell.swift */ = {isa = PBXFileReference; lastKnownFileType = sourcecode.swift; path = PostTableViewCell.swift; sourceTree = "<group>"; };
/* End PBXFileReference section */

/* Begin PBXFrameworksBuildPhase section */
		00B78CB52187CDEC00157530 /* Frameworks */ = {
			isa = PBXFrameworksBuildPhase;
			buildActionMask = 2147483647;
			files = (
			);
			runOnlyForDeploymentPostprocessing = 0;
		};
/* End PBXFrameworksBuildPhase section */

/* Begin PBXGroup section */
		00B78CAF2187CDEC00157530 = {
			isa = PBXGroup;
			children = (
				00B78CBA2187CDEC00157530 /* FinalProject_PROG31975 */,
				00B78CB92187CDEC00157530 /* Products */,
			);
			sourceTree = "<group>";
		};
		00B78CB92187CDEC00157530 /* Products */ = {
			isa = PBXGroup;
			children = (
				00B78CB82187CDEC00157530 /* FinalProject_PROG31975.app */,
			);
			name = Products;
			sourceTree = "<group>";
		};
		00B78CBA2187CDEC00157530 /* FinalProject_PROG31975 */ = {
			isa = PBXGroup;
			children = (
				00B78CD12187D04200157530 /* View Controllers */,
				00B78CD02187D03300157530 /* Classes */,
				00B78CCF2187D02A00157530 /* Assets */,
				00B78CCE2187D01600157530 /* Storyboards */,
				00B78CCD2187D00100157530 /* Database */,
				00B78CC72187CDEF00157530 /* Info.plist */,
			);
			path = FinalProject_PROG31975;
			sourceTree = "<group>";
		};
		00B78CCD2187D00100157530 /* Database */ = {
			isa = PBXGroup;
			children = (
			);
			path = Database;
			sourceTree = "<group>";
		};
		00B78CCE2187D01600157530 /* Storyboards */ = {
			isa = PBXGroup;
			children = (
				00B78CBF2187CDEC00157530 /* Main.storyboard */,
				00B78CC42187CDEF00157530 /* LaunchScreen.storyboard */,
			);
			path = Storyboards;
			sourceTree = "<group>";
		};
		00B78CCF2187D02A00157530 /* Assets */ = {
			isa = PBXGroup;
			children = (
				00B78CC22187CDEF00157530 /* Assets.xcassets */,
			);
			path = Assets;
			sourceTree = "<group>";
		};
		00B78CD02187D03300157530 /* Classes */ = {
			isa = PBXGroup;
			children = (
				00B78CBB2187CDEC00157530 /* AppDelegate.swift */,
				00B78CD8218D32AE00157530 /* PostInterface.swift */,
				232AE8562194A76A00D60E86 /* PostTableViewCell.swift */,
				00B78CD2218CD05900157530 /* Post.swift */,
				00B78CD6218CD68E00157530 /* Reply.swift */,
				00B78CD4218CD2E400157530 /* User.swift */,
			);
			path = Classes;
			sourceTree = "<group>";
		};
		00B78CD12187D04200157530 /* View Controllers */ = {
			isa = PBXGroup;
			children = (
				00B78CBD2187CDEC00157530 /* ViewController.swift */,
				00B78CDA2193F92F00157530 /* PostViewController.swift */,
				00B78D5F219C8D7600157530 /* MeViewController.swift */,
				00B78D61219CA53E00157530 /* PeeksViewController.swift */,
				00B78D63219CA54C00157530 /* MoreViewController.swift */,
				00B78D65219CA68800157530 /* SettingsViewController.swift */,
			);
			path = "View Controllers";
			sourceTree = "<group>";
		};
/* End PBXGroup section */

/* Begin PBXNativeTarget section */
		00B78CB72187CDEC00157530 /* FinalProject_PROG31975 */ = {
			isa = PBXNativeTarget;
			buildConfigurationList = 00B78CCA2187CDEF00157530 /* Build configuration list for PBXNativeTarget "FinalProject_PROG31975" */;
			buildPhases = (
				00B78CB42187CDEC00157530 /* Sources */,
				00B78CB52187CDEC00157530 /* Frameworks */,
				00B78CB62187CDEC00157530 /* Resources */,
			);
			buildRules = (
			);
			dependencies = (
			);
			name = FinalProject_PROG31975;
			productName = FinalProject_PROG31975;
			productReference = 00B78CB82187CDEC00157530 /* FinalProject_PROG31975.app */;
			productType = "com.apple.product-type.application";
		};
/* End PBXNativeTarget section */

/* Begin PBXProject section */
		00B78CB02187CDEC00157530 /* Project object */ = {
			isa = PBXProject;
			attributes = {
				LastSwiftUpdateCheck = 0930;
				LastUpgradeCheck = 0930;
				ORGANIZATIONNAME = PROG31975;
				TargetAttributes = {
					00B78CB72187CDEC00157530 = {
						CreatedOnToolsVersion = 9.3;
					};
				};
			};
			buildConfigurationList = 00B78CB32187CDEC00157530 /* Build configuration list for PBXProject "FinalProject_PROG31975" */;
			compatibilityVersion = "Xcode 9.3";
			developmentRegion = en;
			hasScannedForEncodings = 0;
			knownRegions = (
				en,
				Base,
			);
			mainGroup = 00B78CAF2187CDEC00157530;
			productRefGroup = 00B78CB92187CDEC00157530 /* Products */;
			projectDirPath = "";
			projectRoot = "";
			targets = (
				00B78CB72187CDEC00157530 /* FinalProject_PROG31975 */,
			);
		};
/* End PBXProject section */

/* Begin PBXResourcesBuildPhase section */
		00B78CB62187CDEC00157530 /* Resources */ = {
			isa = PBXResourcesBuildPhase;
			buildActionMask = 2147483647;
			files = (
				00B78CC62187CDEF00157530 /* LaunchScreen.storyboard in Resources */,
				00B78CC32187CDEF00157530 /* Assets.xcassets in Resources */,
				00B78CC12187CDEC00157530 /* Main.storyboard in Resources */,
			);
			runOnlyForDeploymentPostprocessing = 0;
		};
/* End PBXResourcesBuildPhase section */

/* Begin PBXSourcesBuildPhase section */
		00B78CB42187CDEC00157530 /* Sources */ = {
			isa = PBXSourcesBuildPhase;
			buildActionMask = 2147483647;
			files = (
				00B78D60219C8D7600157530 /* MeViewController.swift in Sources */,
				00B78D62219CA53E00157530 /* PeeksViewController.swift in Sources */,
				00B78CD5218CD2E400157530 /* User.swift in Sources */,
				00B78CD7218CD68E00157530 /* Reply.swift in Sources */,
				00B78D64219CA54C00157530 /* MoreViewController.swift in Sources */,
				00B78CDB2193F92F00157530 /* PostViewController.swift in Sources */,
				232AE8572194A76A00D60E86 /* PostTableViewCell.swift in Sources */,
				00B78CBE2187CDEC00157530 /* ViewController.swift in Sources */,
				00B78CD3218CD05900157530 /* Post.swift in Sources */,
				00B78CBC2187CDEC00157530 /* AppDelegate.swift in Sources */,
				00B78CD9218D32AE00157530 /* PostInterface.swift in Sources */,
				00B78D66219CA68800157530 /* SettingsViewController.swift in Sources */,
			);
			runOnlyForDeploymentPostprocessing = 0;
		};
/* End PBXSourcesBuildPhase section */

/* Begin PBXVariantGroup section */
		00B78CBF2187CDEC00157530 /* Main.storyboard */ = {
			isa = PBXVariantGroup;
			children = (
				00B78CC02187CDEC00157530 /* Base */,
			);
			name = Main.storyboard;
			sourceTree = "<group>";
		};
		00B78CC42187CDEF00157530 /* LaunchScreen.storyboard */ = {
			isa = PBXVariantGroup;
			children = (
				00B78CC52187CDEF00157530 /* Base */,
			);
			name = LaunchScreen.storyboard;
			sourceTree = "<group>";
		};
/* End PBXVariantGroup section */

/* Begin XCBuildConfiguration section */
		00B78CC82187CDEF00157530 /* Debug */ = {
			isa = XCBuildConfiguration;
			buildSettings = {
				ALWAYS_SEARCH_USER_PATHS = NO;
				CLANG_ANALYZER_NONNULL = YES;
				CLANG_ANALYZER_NUMBER_OBJECT_CONVERSION = YES_AGGRESSIVE;
				CLANG_CXX_LANGUAGE_STANDARD = "gnu++14";
				CLANG_CXX_LIBRARY = "libc++";
				CLANG_ENABLE_MODULES = YES;
				CLANG_ENABLE_OBJC_ARC = YES;
				CLANG_ENABLE_OBJC_WEAK = YES;
				CLANG_WARN_BLOCK_CAPTURE_AUTORELEASING = YES;
				CLANG_WARN_BOOL_CONVERSION = YES;
				CLANG_WARN_COMMA = YES;
				CLANG_WARN_CONSTANT_CONVERSION = YES;
				CLANG_WARN_DEPRECATED_OBJC_IMPLEMENTATIONS = YES;
				CLANG_WARN_DIRECT_OBJC_ISA_USAGE = YES_ERROR;
				CLANG_WARN_DOCUMENTATION_COMMENTS = YES;
				CLANG_WARN_EMPTY_BODY = YES;
				CLANG_WARN_ENUM_CONVERSION = YES;
				CLANG_WARN_INFINITE_RECURSION = YES;
				CLANG_WARN_INT_CONVERSION = YES;
				CLANG_WARN_NON_LITERAL_NULL_CONVERSION = YES;
				CLANG_WARN_OBJC_IMPLICIT_RETAIN_SELF = YES;
				CLANG_WARN_OBJC_LITERAL_CONVERSION = YES;
				CLANG_WARN_OBJC_ROOT_CLASS = YES_ERROR;
				CLANG_WARN_RANGE_LOOP_ANALYSIS = YES;
				CLANG_WARN_STRICT_PROTOTYPES = YES;
				CLANG_WARN_SUSPICIOUS_MOVE = YES;
				CLANG_WARN_UNGUARDED_AVAILABILITY = YES_AGGRESSIVE;
				CLANG_WARN_UNREACHABLE_CODE = YES;
				CLANG_WARN__DUPLICATE_METHOD_MATCH = YES;
				CODE_SIGN_IDENTITY = "iPhone Developer";
				COPY_PHASE_STRIP = NO;
				DEBUG_INFORMATION_FORMAT = dwarf;
				ENABLE_STRICT_OBJC_MSGSEND = YES;
				ENABLE_TESTABILITY = YES;
				GCC_C_LANGUAGE_STANDARD = gnu11;
				GCC_DYNAMIC_NO_PIC = NO;
				GCC_NO_COMMON_BLOCKS = YES;
				GCC_OPTIMIZATION_LEVEL = 0;
				GCC_PREPROCESSOR_DEFINITIONS = (
					"DEBUG=1",
					"$(inherited)",
				);
				GCC_WARN_64_TO_32_BIT_CONVERSION = YES;
				GCC_WARN_ABOUT_RETURN_TYPE = YES_ERROR;
				GCC_WARN_UNDECLARED_SELECTOR = YES;
				GCC_WARN_UNINITIALIZED_AUTOS = YES_AGGRESSIVE;
				GCC_WARN_UNUSED_FUNCTION = YES;
				GCC_WARN_UNUSED_VARIABLE = YES;
				IPHONEOS_DEPLOYMENT_TARGET = 11.3;
				MTL_ENABLE_DEBUG_INFO = YES;
				ONLY_ACTIVE_ARCH = YES;
				SDKROOT = iphoneos;
				SWIFT_ACTIVE_COMPILATION_CONDITIONS = DEBUG;
				SWIFT_OPTIMIZATION_LEVEL = "-Onone";
			};
			name = Debug;
		};
		00B78CC92187CDEF00157530 /* Release */ = {
			isa = XCBuildConfiguration;
			buildSettings = {
				ALWAYS_SEARCH_USER_PATHS = NO;
				CLANG_ANALYZER_NONNULL = YES;
				CLANG_ANALYZER_NUMBER_OBJECT_CONVERSION = YES_AGGRESSIVE;
				CLANG_CXX_LANGUAGE_STANDARD = "gnu++14";
				CLANG_CXX_LIBRARY = "libc++";
				CLANG_ENABLE_MODULES = YES;
				CLANG_ENABLE_OBJC_ARC = YES;
				CLANG_ENABLE_OBJC_WEAK = YES;
				CLANG_WARN_BLOCK_CAPTURE_AUTORELEASING = YES;
				CLANG_WARN_BOOL_CONVERSION = YES;
				CLANG_WARN_COMMA = YES;
				CLANG_WARN_CONSTANT_CONVERSION = YES;
				CLANG_WARN_DEPRECATED_OBJC_IMPLEMENTATIONS = YES;
				CLANG_WARN_DIRECT_OBJC_ISA_USAGE = YES_ERROR;
				CLANG_WARN_DOCUMENTATION_COMMENTS = YES;
				CLANG_WARN_EMPTY_BODY = YES;
				CLANG_WARN_ENUM_CONVERSION = YES;
				CLANG_WARN_INFINITE_RECURSION = YES;
				CLANG_WARN_INT_CONVERSION = YES;
				CLANG_WARN_NON_LITERAL_NULL_CONVERSION = YES;
				CLANG_WARN_OBJC_IMPLICIT_RETAIN_SELF = YES;
				CLANG_WARN_OBJC_LITERAL_CONVERSION = YES;
				CLANG_WARN_OBJC_ROOT_CLASS = YES_ERROR;
				CLANG_WARN_RANGE_LOOP_ANALYSIS = YES;
				CLANG_WARN_STRICT_PROTOTYPES = YES;
				CLANG_WARN_SUSPICIOUS_MOVE = YES;
				CLANG_WARN_UNGUARDED_AVAILABILITY = YES_AGGRESSIVE;
				CLANG_WARN_UNREACHABLE_CODE = YES;
				CLANG_WARN__DUPLICATE_METHOD_MATCH = YES;
				CODE_SIGN_IDENTITY = "iPhone Developer";
				COPY_PHASE_STRIP = NO;
				DEBUG_INFORMATION_FORMAT = "dwarf-with-dsym";
				ENABLE_NS_ASSERTIONS = NO;
				ENABLE_STRICT_OBJC_MSGSEND = YES;
				GCC_C_LANGUAGE_STANDARD = gnu11;
				GCC_NO_COMMON_BLOCKS = YES;
				GCC_WARN_64_TO_32_BIT_CONVERSION = YES;
				GCC_WARN_ABOUT_RETURN_TYPE = YES_ERROR;
				GCC_WARN_UNDECLARED_SELECTOR = YES;
				GCC_WARN_UNINITIALIZED_AUTOS = YES_AGGRESSIVE;
				GCC_WARN_UNUSED_FUNCTION = YES;
				GCC_WARN_UNUSED_VARIABLE = YES;
				IPHONEOS_DEPLOYMENT_TARGET = 11.3;
				MTL_ENABLE_DEBUG_INFO = NO;
				SDKROOT = iphoneos;
				SWIFT_COMPILATION_MODE = wholemodule;
				SWIFT_OPTIMIZATION_LEVEL = "-O";
				VALIDATE_PRODUCT = YES;
			};
			name = Release;
		};
		00B78CCB2187CDEF00157530 /* Debug */ = {
			isa = XCBuildConfiguration;
			buildSettings = {
				ASSETCATALOG_COMPILER_APPICON_NAME = AppIcon;
				CODE_SIGN_STYLE = Automatic;
				INFOPLIST_FILE = FinalProject_PROG31975/Info.plist;
				LD_RUNPATH_SEARCH_PATHS = (
					"$(inherited)",
					"@executable_path/Frameworks",
				);
				PRODUCT_BUNDLE_IDENTIFIER = "Midterm.FinalProject-PROG31975";
				PRODUCT_NAME = "$(TARGET_NAME)";
				SWIFT_VERSION = 4.0;
				TARGETED_DEVICE_FAMILY = "1,2";
			};
			name = Debug;
		};
		00B78CCC2187CDEF00157530 /* Release */ = {
			isa = XCBuildConfiguration;
			buildSettings = {
				ASSETCATALOG_COMPILER_APPICON_NAME = AppIcon;
				CODE_SIGN_STYLE = Automatic;
				INFOPLIST_FILE = FinalProject_PROG31975/Info.plist;
				LD_RUNPATH_SEARCH_PATHS = (
					"$(inherited)",
					"@executable_path/Frameworks",
				);
				PRODUCT_BUNDLE_IDENTIFIER = "Midterm.FinalProject-PROG31975";
				PRODUCT_NAME = "$(TARGET_NAME)";
				SWIFT_VERSION = 4.0;
				TARGETED_DEVICE_FAMILY = "1,2";
			};
			name = Release;
		};
/* End XCBuildConfiguration section */

/* Begin XCConfigurationList section */
		00B78CB32187CDEC00157530 /* Build configuration list for PBXProject "FinalProject_PROG31975" */ = {
			isa = XCConfigurationList;
			buildConfigurations = (
				00B78CC82187CDEF00157530 /* Debug */,
				00B78CC92187CDEF00157530 /* Release */,
			);
			defaultConfigurationIsVisible = 0;
			defaultConfigurationName = Release;
		};
		00B78CCA2187CDEF00157530 /* Build configuration list for PBXNativeTarget "FinalProject_PROG31975" */ = {
			isa = XCConfigurationList;
			buildConfigurations = (
				00B78CCB2187CDEF00157530 /* Debug */,
				00B78CCC2187CDEF00157530 /* Release */,
			);
			defaultConfigurationIsVisible = 0;
			defaultConfigurationName = Release;
		};
/* End XCConfigurationList section */
	};
	rootObject = 00B78CB02187CDEC00157530 /* Project object */;
}
